
Microsoft Visual Studio Solution File, Format Version 12.00
# Visual Studio Version 16
VisualStudioVersion = 25.0.1706.8
MinimumVisualStudioVersion = 10.0.40219.1
Project("{FAE04EC0-301F-11D3-BF4B-00C04F79EFBC}") = "NovaQuest", "NovaQuest.csproj", "{4BA8A873-26B2-4506-AF86-B4BFA83E077E}"
EndProject
Global
	GlobalSection(SolutionConfigurationPlatforms) = preSolution
		Debug|Any CPU = Debug|Any CPU
		Release|Any CPU = Release|Any CPU
	EndGlobalSection
	GlobalSection(ProjectConfigurationPlatforms) = postSolution
		{4BA8A873-26B2-4506-AF86-B4BFA83E077E}.Debug|Any CPU.ActiveCfg = Debug|Any CPU
		{4BA8A873-26B2-4506-AF86-B4BFA83E077E}.Debug|Any CPU.Build.0 = Debug|Any CPU
		{4BA8A873-26B2-4506-AF86-B4BFA83E077E}.Release|Any CPU.ActiveCfg = Release|Any CPU
		{4BA8A873-26B2-4506-AF86-B4BFA83E077E}.Release|Any CPU.Build.0 = Release|Any CPU
	EndGlobalSection
	GlobalSection(SolutionProperties) = preSolution
		HideSolutionNode = FALSE
	EndGlobalSection
	GlobalSection(ExtensibilityGlobals) = postSolution
		SolutionGuid = {485BD916-A883-4DEB-9BFE-8CE283EAC254}
	EndGlobalSection
EndGlobal
